
Microsoft Visual Studio Solution File, Format Version 12.00
# Visual Studio 15
VisualStudioVersion = 15.0.27130.2036
MinimumVisualStudioVersion = 10.0.40219.1
Project("{9A19103F-16F7-4668-BE54-9A1E7A4F7556}") = "AnJiaWebServer_V1", "AnJiaWebServer_V1\AnJiaWebServer_V1.csproj", "{02A2E1CA-6AFE-4A8A-AF5F-047768C13422}"
EndProject
Project("{FAE04EC0-301F-11D3-BF4B-00C04F79EFBC}") = "WebApiServer", "WebApiServer\WebApiServer.csproj", "{1C80E039-6A25-4DA0-9559-DA84DB11D724}"
EndProject
Global
	GlobalSection(SolutionConfigurationPlatforms) = preSolution
		Debug|Any CPU = Debug|Any CPU
		Debug|ARM = Debug|ARM
		Debug|x64 = Debug|x64
		Debug|x86 = Debug|x86
		Release|Any CPU = Release|Any CPU
		Release|ARM = Release|ARM
		Release|x64 = Release|x64
		Release|x86 = Release|x86
	EndGlobalSection
	GlobalSection(ProjectConfigurationPlatforms) = postSolution
		{02A2E1CA-6AFE-4A8A-AF5F-047768C13422}.Debug|Any CPU.ActiveCfg = Debug|Any CPU
		{02A2E1CA-6AFE-4A8A-AF5F-047768C13422}.Debug|Any CPU.Build.0 = Debug|Any CPU
		{02A2E1CA-6AFE-4A8A-AF5F-047768C13422}.Debug|ARM.ActiveCfg = Debug|Any CPU
		{02A2E1CA-6AFE-4A8A-AF5F-047768C13422}.Debug|ARM.Build.0 = Debug|Any CPU
		{02A2E1CA-6AFE-4A8A-AF5F-047768C13422}.Debug|x64.ActiveCfg = Debug|Any CPU
		{02A2E1CA-6AFE-4A8A-AF5F-047768C13422}.Debug|x64.Build.0 = Debug|Any CPU
		{02A2E1CA-6AFE-4A8A-AF5F-047768C13422}.Debug|x86.ActiveCfg = Debug|Any CPU
		{02A2E1CA-6AFE-4A8A-AF5F-047768C13422}.Debug|x86.Build.0 = Debug|Any CPU
		{02A2E1CA-6AFE-4A8A-AF5F-047768C13422}.Release|Any CPU.ActiveCfg = Release|Any CPU
		{02A2E1CA-6AFE-4A8A-AF5F-047768C13422}.Release|Any CPU.Build.0 = Release|Any CPU
		{02A2E1CA-6AFE-4A8A-AF5F-047768C13422}.Release|ARM.ActiveCfg = Release|Any CPU
		{02A2E1CA-6AFE-4A8A-AF5F-047768C13422}.Release|ARM.Build.0 = Release|Any CPU
		{02A2E1CA-6AFE-4A8A-AF5F-047768C13422}.Release|x64.ActiveCfg = Release|Any CPU
		{02A2E1CA-6AFE-4A8A-AF5F-047768C13422}.Release|x64.Build.0 = Release|Any CPU
		{02A2E1CA-6AFE-4A8A-AF5F-047768C13422}.Release|x86.ActiveCfg = Release|Any CPU
		{02A2E1CA-6AFE-4A8A-AF5F-047768C13422}.Release|x86.Build.0 = Release|Any CPU
		{1C80E039-6A25-4DA0-9559-DA84DB11D724}.Debug|Any CPU.ActiveCfg = Debug|Any CPU
		{1C80E039-6A25-4DA0-9559-DA84DB11D724}.Debug|Any CPU.Build.0 = Debug|Any CPU
		{1C80E039-6A25-4DA0-9559-DA84DB11D724}.Debug|ARM.ActiveCfg = Debug|Any CPU
		{1C80E039-6A25-4DA0-9559-DA84DB11D724}.Debug|ARM.Build.0 = Debug|Any CPU
		{1C80E039-6A25-4DA0-9559-DA84DB11D724}.Debug|x64.ActiveCfg = Debug|Any CPU
		{1C80E039-6A25-4DA0-9559-DA84DB11D724}.Debug|x64.Build.0 = Debug|Any CPU
		{1C80E039-6A25-4DA0-9559-DA84DB11D724}.Debug|x86.ActiveCfg = Debug|Any CPU
		{1C80E039-6A25-4DA0-9559-DA84DB11D724}.Debug|x86.Build.0 = Debug|Any CPU
		{1C80E039-6A25-4DA0-9559-DA84DB11D724}.Release|Any CPU.ActiveCfg = Release|Any CPU
		{1C80E039-6A25-4DA0-9559-DA84DB11D724}.Release|Any CPU.Build.0 = Release|Any CPU
		{1C80E039-6A25-4DA0-9559-DA84DB11D724}.Release|ARM.ActiveCfg = Release|Any CPU
		{1C80E039-6A25-4DA0-9559-DA84DB11D724}.Release|ARM.Build.0 = Release|Any CPU
		{1C80E039-6A25-4DA0-9559-DA84DB11D724}.Release|x64.ActiveCfg = Release|Any CPU
		{1C80E039-6A25-4DA0-9559-DA84DB11D724}.Release|x64.Build.0 = Release|Any CPU
		{1C80E039-6A25-4DA0-9559-DA84DB11D724}.Release|x86.ActiveCfg = Release|Any CPU
		{1C80E039-6A25-4DA0-9559-DA84DB11D724}.Release|x86.Build.0 = Release|Any CPU
	EndGlobalSection
	GlobalSection(SolutionProperties) = preSolution
		HideSolutionNode = FALSE
	EndGlobalSection
	GlobalSection(ExtensibilityGlobals) = postSolution
		SolutionGuid = {AB459CFE-15B9-4F5E-A585-25F664EA7BA0}
	EndGlobalSection
EndGlobal
